
Microsoft Visual Studio Solution File, Format Version 12.00
# Visual Studio Version 17
VisualStudioVersion = 17.14.36127.28
MinimumVisualStudioVersion = 10.0.40219.1
Project("{FAE04EC0-301F-11D3-BF4B-00C04F79EFBC}") = "FacturacionPortal.WEB", "FacturacionPortal.WEB.csproj", "{89EC3F9C-8BA7-4D33-A8D7-96C79DD5CB8F}"
EndProject
Global
	GlobalSection(SolutionConfigurationPlatforms) = preSolution
		Debug|Any CPU = Debug|Any CPU
		Release|Any CPU = Release|Any CPU
	EndGlobalSection
	GlobalSection(ProjectConfigurationPlatforms) = postSolution
		{89EC3F9C-8BA7-4D33-A8D7-96C79DD5CB8F}.Debug|Any CPU.ActiveCfg = Debug|Any CPU
		{89EC3F9C-8BA7-4D33-A8D7-96C79DD5CB8F}.Debug|Any CPU.Build.0 = Debug|Any CPU
		{89EC3F9C-8BA7-4D33-A8D7-96C79DD5CB8F}.Release|Any CPU.ActiveCfg = Release|Any CPU
		{89EC3F9C-8BA7-4D33-A8D7-96C79DD5CB8F}.Release|Any CPU.Build.0 = Release|Any CPU
	EndGlobalSection
	GlobalSection(SolutionProperties) = preSolution
		HideSolutionNode = FALSE
	EndGlobalSection
	GlobalSection(ExtensibilityGlobals) = postSolution
		SolutionGuid = {F55C51DD-C4F7-4B1F-8697-ECCD392A7339}
	EndGlobalSection
EndGlobal
